// !$*UTF8*$!
{
	archiveVersion = 1;
	classes = {
	};
	objectVersion = 50;
	objects = {

/* Begin PBXBuildFile section */
		254D62232369BC1B00E64F4C /* AppDelegate.swift in Sources */ = {isa = PBXBuildFile; fileRef = 254D62222369BC1B00E64F4C /* AppDelegate.swift */; };
		254D62252369BC1B00E64F4C /* ViewController.swift in Sources */ = {isa = PBXBuildFile; fileRef = 254D62242369BC1B00E64F4C /* ViewController.swift */; };
		254D62282369BC1B00E64F4C /* Main.storyboard in Resources */ = {isa = PBXBuildFile; fileRef = 254D62262369BC1B00E64F4C /* Main.storyboard */; };
		254D622A2369BC1C00E64F4C /* Assets.xcassets in Resources */ = {isa = PBXBuildFile; fileRef = 254D62292369BC1C00E64F4C /* Assets.xcassets */; };
		254D622D2369BC1C00E64F4C /* LaunchScreen.storyboard in Resources */ = {isa = PBXBuildFile; fileRef = 254D622B2369BC1C00E64F4C /* LaunchScreen.storyboard */; };
		254D62542373C5DD00E64F4C /* HomeController.swift in Sources */ = {isa = PBXBuildFile; fileRef = 254D62532373C5DC00E64F4C /* HomeController.swift */; };
		254D62562386221E00E64F4C /* LoginController.swift in Sources */ = {isa = PBXBuildFile; fileRef = 254D62552386221E00E64F4C /* LoginController.swift */; };
		254D6258238642AD00E64F4C /* RegisterController.swift in Sources */ = {isa = PBXBuildFile; fileRef = 254D6257238642AD00E64F4C /* RegisterController.swift */; };
		2569468623B99CB200FC5989 /* Post.swift in Sources */ = {isa = PBXBuildFile; fileRef = 2569468523B99CB200FC5989 /* Post.swift */; };
		762DE4225E379DF4C1D6DF9C /* Pods_mobile_social.framework in Frameworks */ = {isa = PBXBuildFile; fileRef = A69C3B59BACDACFB5F21674A /* Pods_mobile_social.framework */; };
/* End PBXBuildFile section */

/* Begin PBXFileReference section */
		254D621F2369BC1B00E64F4C /* mobile-social.app */ = {isa = PBXFileReference; explicitFileType = wrapper.application; includeInIndex = 0; path = "mobile-social.app"; sourceTree = BUILT_PRODUCTS_DIR; };
		254D62222369BC1B00E64F4C /* AppDelegate.swift */ = {isa = PBXFileReference; lastKnownFileType = sourcecode.swift; path = AppDelegate.swift; sourceTree = "<group>"; };
		254D62242369BC1B00E64F4C /* ViewController.swift */ = {isa = PBXFileReference; lastKnownFileType = sourcecode.swift; path = ViewController.swift; sourceTree = "<group>"; };
		254D62272369BC1B00E64F4C /* Base */ = {isa = PBXFileReference; lastKnownFileType = file.storyboard; name = Base; path = Base.lproj/Main.storyboard; sourceTree = "<group>"; };
		254D62292369BC1C00E64F4C /* Assets.xcassets */ = {isa = PBXFileReference; lastKnownFileType = folder.assetcatalog; path = Assets.xcassets; sourceTree = "<group>"; };
		254D622C2369BC1C00E64F4C /* Base */ = {isa = PBXFileReference; lastKnownFileType = file.storyboard; name = Base; path = Base.lproj/LaunchScreen.storyboard; sourceTree = "<group>"; };
		254D622E2369BC1C00E64F4C /* Info.plist */ = {isa = PBXFileReference; lastKnownFileType = text.plist.xml; path = Info.plist; sourceTree = "<group>"; };
		254D62532373C5DC00E64F4C /* HomeController.swift */ = {isa = PBXFileReference; lastKnownFileType = sourcecode.swift; path = HomeController.swift; sourceTree = "<group>"; };
		254D62552386221E00E64F4C /* LoginController.swift */ = {isa = PBXFileReference; lastKnownFileType = sourcecode.swift; path = LoginController.swift; sourceTree = "<group>"; };
		254D6257238642AD00E64F4C /* RegisterController.swift */ = {isa = PBXFileReference; lastKnownFileType = sourcecode.swift; path = RegisterController.swift; sourceTree = "<group>"; };
		2569468523B99CB200FC5989 /* Post.swift */ = {isa = PBXFileReference; lastKnownFileType = sourcecode.swift; path = Post.swift; sourceTree = "<group>"; };
		2A0CB71A90F9E33D3E831338 /* Pods-mobile-social.release.xcconfig */ = {isa = PBXFileReference; includeInIndex = 1; lastKnownFileType = text.xcconfig; name = "Pods-mobile-social.release.xcconfig"; path = "Pods/Target Support Files/Pods-mobile-social/Pods-mobile-social.release.xcconfig"; sourceTree = "<group>"; };
		A05AADCFC64237BD08DA35D1 /* Pods-mobile-social.debug.xcconfig */ = {isa = PBXFileReference; includeInIndex = 1; lastKnownFileType = text.xcconfig; name = "Pods-mobile-social.debug.xcconfig"; path = "Pods/Target Support Files/Pods-mobile-social/Pods-mobile-social.debug.xcconfig"; sourceTree = "<group>"; };
		A69C3B59BACDACFB5F21674A /* Pods_mobile_social.framework */ = {isa = PBXFileReference; explicitFileType = wrapper.framework; includeInIndex = 0; path = Pods_mobile_social.framework; sourceTree = BUILT_PRODUCTS_DIR; };
/* End PBXFileReference section */

/* Begin PBXFrameworksBuildPhase section */
		254D621C2369BC1B00E64F4C /* Frameworks */ = {
			isa = PBXFrameworksBuildPhase;
			buildActionMask = 2147483647;
			files = (
				762DE4225E379DF4C1D6DF9C /* Pods_mobile_social.framework in Frameworks */,
			);
			runOnlyForDeploymentPostprocessing = 0;
		};
/* End PBXFrameworksBuildPhase section */

/* Begin PBXGroup section */
		254D62162369BC1B00E64F4C = {
			isa = PBXGroup;
			children = (
				254D62212369BC1B00E64F4C /* mobile-social */,
				254D62202369BC1B00E64F4C /* Products */,
				C777426FB601137A55B103D4 /* Pods */,
				5FBB9789CA15115478AEB508 /* Frameworks */,
			);
			sourceTree = "<group>";
		};
		254D62202369BC1B00E64F4C /* Products */ = {
			isa = PBXGroup;
			children = (
				254D621F2369BC1B00E64F4C /* mobile-social.app */,
			);
			name = Products;
			sourceTree = "<group>";
		};
		254D62212369BC1B00E64F4C /* mobile-social */ = {
			isa = PBXGroup;
			children = (
				2569468423B99C9600FC5989 /* Models */,
				254D62522373C5B000E64F4C /* Controllers */,
				254D62222369BC1B00E64F4C /* AppDelegate.swift */,
				254D62242369BC1B00E64F4C /* ViewController.swift */,
				254D62262369BC1B00E64F4C /* Main.storyboard */,
				254D62292369BC1C00E64F4C /* Assets.xcassets */,
				254D622B2369BC1C00E64F4C /* LaunchScreen.storyboard */,
				254D622E2369BC1C00E64F4C /* Info.plist */,
			);
			path = "mobile-social";
			sourceTree = "<group>";
		};
		254D62522373C5B000E64F4C /* Controllers */ = {
			isa = PBXGroup;
			children = (
				254D62532373C5DC00E64F4C /* HomeController.swift */,
				254D62552386221E00E64F4C /* LoginController.swift */,
				254D6257238642AD00E64F4C /* RegisterController.swift */,
			);
			path = Controllers;
			sourceTree = "<group>";
		};
		2569468423B99C9600FC5989 /* Models */ = {
			isa = PBXGroup;
			children = (
				2569468523B99CB200FC5989 /* Post.swift */,
			);
			path = Models;
			sourceTree = "<group>";
		};
		5FBB9789CA15115478AEB508 /* Frameworks */ = {
			isa = PBXGroup;
			children = (
				A69C3B59BACDACFB5F21674A /* Pods_mobile_social.framework */,
			);
			name = Frameworks;
			sourceTree = "<group>";
		};
		C777426FB601137A55B103D4 /* Pods */ = {
			isa = PBXGroup;
			children = (
				A05AADCFC64237BD08DA35D1 /* Pods-mobile-social.debug.xcconfig */,
				2A0CB71A90F9E33D3E831338 /* Pods-mobile-social.release.xcconfig */,
			);
			name = Pods;
			sourceTree = "<group>";
		};
/* End PBXGroup section */

/* Begin PBXNativeTarget section */
		254D621E2369BC1B00E64F4C /* mobile-social */ = {
			isa = PBXNativeTarget;
			buildConfigurationList = 254D62312369BC1C00E64F4C /* Build configuration list for PBXNativeTarget "mobile-social" */;
			buildPhases = (
				BFD8A1C6263E0B0B7218B87F /* [CP] Check Pods Manifest.lock */,
				254D621B2369BC1B00E64F4C /* Sources */,
				254D621C2369BC1B00E64F4C /* Frameworks */,
				254D621D2369BC1B00E64F4C /* Resources */,
				A56FAB628C059905F7DFB3B6 /* [CP] Embed Pods Frameworks */,
			);
			buildRules = (
			);
			dependencies = (
			);
			name = "mobile-social";
			productName = "mobile-social";
			productReference = 254D621F2369BC1B00E64F4C /* mobile-social.app */;
			productType = "com.apple.product-type.application";
		};
/* End PBXNativeTarget section */

/* Begin PBXProject section */
		254D62172369BC1B00E64F4C /* Project object */ = {
			isa = PBXProject;
			attributes = {
				LastSwiftUpdateCheck = 1020;
				LastUpgradeCheck = 1020;
				ORGANIZATIONNAME = "Yi Zheng";
				TargetAttributes = {
					254D621E2369BC1B00E64F4C = {
						CreatedOnToolsVersion = 10.2.1;
					};
				};
			};
			buildConfigurationList = 254D621A2369BC1B00E64F4C /* Build configuration list for PBXProject "mobile-social" */;
			compatibilityVersion = "Xcode 9.3";
			developmentRegion = en;
			hasScannedForEncodings = 0;
			knownRegions = (
				en,
				Base,
			);
			mainGroup = 254D62162369BC1B00E64F4C;
			productRefGroup = 254D62202369BC1B00E64F4C /* Products */;
			projectDirPath = "";
			projectRoot = "";
			targets = (
				254D621E2369BC1B00E64F4C /* mobile-social */,
			);
		};
/* End PBXProject section */

/* Begin PBXResourcesBuildPhase section */
		254D621D2369BC1B00E64F4C /* Resources */ = {
			isa = PBXResourcesBuildPhase;
			buildActionMask = 2147483647;
			files = (
				254D622D2369BC1C00E64F4C /* LaunchScreen.storyboard in Resources */,
				254D622A2369BC1C00E64F4C /* Assets.xcassets in Resources */,
				254D62282369BC1B00E64F4C /* Main.storyboard in Resources */,
			);
			runOnlyForDeploymentPostprocessing = 0;
		};
/* End PBXResourcesBuildPhase section */

/* Begin PBXShellScriptBuildPhase section */
		A56FAB628C059905F7DFB3B6 /* [CP] Embed Pods Frameworks */ = {
			isa = PBXShellScriptBuildPhase;
			buildActionMask = 2147483647;
			files = (
			);
			inputFileListPaths = (
			);
			inputPaths = (
				"${SRCROOT}/Pods/Target Support Files/Pods-mobile-social/Pods-mobile-social-frameworks.sh",
				"${BUILT_PRODUCTS_DIR}/Alamofire/Alamofire.framework",
				"${BUILT_PRODUCTS_DIR}/JGProgressHUD/JGProgressHUD.framework",
				"${BUILT_PRODUCTS_DIR}/LBTATools/LBTATools.framework",
				"${BUILT_PRODUCTS_DIR}/SDWebImage/SDWebImage.framework",
			);
			name = "[CP] Embed Pods Frameworks";
			outputFileListPaths = (
			);
			outputPaths = (
				"${TARGET_BUILD_DIR}/${FRAMEWORKS_FOLDER_PATH}/Alamofire.framework",
				"${TARGET_BUILD_DIR}/${FRAMEWORKS_FOLDER_PATH}/JGProgressHUD.framework",
				"${TARGET_BUILD_DIR}/${FRAMEWORKS_FOLDER_PATH}/LBTATools.framework",
				"${TARGET_BUILD_DIR}/${FRAMEWORKS_FOLDER_PATH}/SDWebImage.framework",
			);
			runOnlyForDeploymentPostprocessing = 0;
			shellPath = /bin/sh;
			shellScript = "\"${SRCROOT}/Pods/Target Support Files/Pods-mobile-social/Pods-mobile-social-frameworks.sh\"\n";
			showEnvVarsInLog = 0;
		};
		BFD8A1C6263E0B0B7218B87F /* [CP] Check Pods Manifest.lock */ = {
			isa = PBXShellScriptBuildPhase;
			buildActionMask = 2147483647;
			files = (
			);
			inputFileListPaths = (
			);
			inputPaths = (
				"${PODS_PODFILE_DIR_PATH}/Podfile.lock",
				"${PODS_ROOT}/Manifest.lock",
			);
			name = "[CP] Check Pods Manifest.lock";
			outputFileListPaths = (
			);
			outputPaths = (
				"$(DERIVED_FILE_DIR)/Pods-mobile-social-checkManifestLockResult.txt",
			);
			runOnlyForDeploymentPostprocessing = 0;
			shellPath = /bin/sh;
			shellScript = "diff \"${PODS_PODFILE_DIR_PATH}/Podfile.lock\" \"${PODS_ROOT}/Manifest.lock\" > /dev/null\nif [ $? != 0 ] ; then\n    # print error to STDERR\n    echo \"error: The sandbox is not in sync with the Podfile.lock. Run 'pod install' or update your CocoaPods installation.\" >&2\n    exit 1\nfi\n# This output is used by Xcode 'outputs' to avoid re-running this script phase.\necho \"SUCCESS\" > \"${SCRIPT_OUTPUT_FILE_0}\"\n";
			showEnvVarsInLog = 0;
		};
/* End PBXShellScriptBuildPhase section */

/* Begin PBXSourcesBuildPhase section */
		254D621B2369BC1B00E64F4C /* Sources */ = {
			isa = PBXSourcesBuildPhase;
			buildActionMask = 2147483647;
			files = (
				254D6258238642AD00E64F4C /* RegisterController.swift in Sources */,
				254D62252369BC1B00E64F4C /* ViewController.swift in Sources */,
				254D62562386221E00E64F4C /* LoginController.swift in Sources */,
				2569468623B99CB200FC5989 /* Post.swift in Sources */,
				254D62232369BC1B00E64F4C /* AppDelegate.swift in Sources */,
				254D62542373C5DD00E64F4C /* HomeController.swift in Sources */,
			);
			runOnlyForDeploymentPostprocessing = 0;
		};
/* End PBXSourcesBuildPhase section */

/* Begin PBXVariantGroup section */
		254D62262369BC1B00E64F4C /* Main.storyboard */ = {
			isa = PBXVariantGroup;
			children = (
				254D62272369BC1B00E64F4C /* Base */,
			);
			name = Main.storyboard;
			sourceTree = "<group>";
		};
		254D622B2369BC1C00E64F4C /* LaunchScreen.storyboard */ = {
			isa = PBXVariantGroup;
			children = (
				254D622C2369BC1C00E64F4C /* Base */,
			);
			name = LaunchScreen.storyboard;
			sourceTree = "<group>";
		};
/* End PBXVariantGroup section */

/* Begin XCBuildConfiguration section */
		254D622F2369BC1C00E64F4C /* Debug */ = {
			isa = XCBuildConfiguration;
			buildSettings = {
				ALWAYS_SEARCH_USER_PATHS = NO;
				CLANG_ANALYZER_NONNULL = YES;
				CLANG_ANALYZER_NUMBER_OBJECT_CONVERSION = YES_AGGRESSIVE;
				CLANG_CXX_LANGUAGE_STANDARD = "gnu++14";
				CLANG_CXX_LIBRARY = "libc++";
				CLANG_ENABLE_MODULES = YES;
				CLANG_ENABLE_OBJC_ARC = YES;
				CLANG_ENABLE_OBJC_WEAK = YES;
				CLANG_WARN_BLOCK_CAPTURE_AUTORELEASING = YES;
				CLANG_WARN_BOOL_CONVERSION = YES;
				CLANG_WARN_COMMA = YES;
				CLANG_WARN_CONSTANT_CONVERSION = YES;
				CLANG_WARN_DEPRECATED_OBJC_IMPLEMENTATIONS = YES;
				CLANG_WARN_DIRECT_OBJC_ISA_USAGE = YES_ERROR;
				CLANG_WARN_DOCUMENTATION_COMMENTS = YES;
				CLANG_WARN_EMPTY_BODY = YES;
				CLANG_WARN_ENUM_CONVERSION = YES;
				CLANG_WARN_INFINITE_RECURSION = YES;
				CLANG_WARN_INT_CONVERSION = YES;
				CLANG_WARN_NON_LITERAL_NULL_CONVERSION = YES;
				CLANG_WARN_OBJC_IMPLICIT_RETAIN_SELF = YES;
				CLANG_WARN_OBJC_LITERAL_CONVERSION = YES;
				CLANG_WARN_OBJC_ROOT_CLASS = YES_ERROR;
				CLANG_WARN_RANGE_LOOP_ANALYSIS = YES;
				CLANG_WARN_STRICT_PROTOTYPES = YES;
				CLANG_WARN_SUSPICIOUS_MOVE = YES;
				CLANG_WARN_UNGUARDED_AVAILABILITY = YES_AGGRESSIVE;
				CLANG_WARN_UNREACHABLE_CODE = YES;
				CLANG_WARN__DUPLICATE_METHOD_MATCH = YES;
				CODE_SIGN_IDENTITY = "iPhone Developer";
				COPY_PHASE_STRIP = NO;
				DEBUG_INFORMATION_FORMAT = dwarf;
				ENABLE_STRICT_OBJC_MSGSEND = YES;
				ENABLE_TESTABILITY = YES;
				GCC_C_LANGUAGE_STANDARD = gnu11;
				GCC_DYNAMIC_NO_PIC = NO;
				GCC_NO_COMMON_BLOCKS = YES;
				GCC_OPTIMIZATION_LEVEL = 0;
				GCC_PREPROCESSOR_DEFINITIONS = (
					"DEBUG=1",
					"$(inherited)",
				);
				GCC_WARN_64_TO_32_BIT_CONVERSION = YES;
				GCC_WARN_ABOUT_RETURN_TYPE = YES_ERROR;
				GCC_WARN_UNDECLARED_SELECTOR = YES;
				GCC_WARN_UNINITIALIZED_AUTOS = YES_AGGRESSIVE;
				GCC_WARN_UNUSED_FUNCTION = YES;
				GCC_WARN_UNUSED_VARIABLE = YES;
				IPHONEOS_DEPLOYMENT_TARGET = 12.2;
				MTL_ENABLE_DEBUG_INFO = INCLUDE_SOURCE;
				MTL_FAST_MATH = YES;
				ONLY_ACTIVE_ARCH = YES;
				SDKROOT = iphoneos;
				SWIFT_ACTIVE_COMPILATION_CONDITIONS = DEBUG;
				SWIFT_OPTIMIZATION_LEVEL = "-Onone";
			};
			name = Debug;
		};
		254D62302369BC1C00E64F4C /* Release */ = {
			isa = XCBuildConfiguration;
			buildSettings = {
				ALWAYS_SEARCH_USER_PATHS = NO;
				CLANG_ANALYZER_NONNULL = YES;
				CLANG_ANALYZER_NUMBER_OBJECT_CONVERSION = YES_AGGRESSIVE;
				CLANG_CXX_LANGUAGE_STANDARD = "gnu++14";
				CLANG_CXX_LIBRARY = "libc++";
				CLANG_ENABLE_MODULES = YES;
				CLANG_ENABLE_OBJC_ARC = YES;
				CLANG_ENABLE_OBJC_WEAK = YES;
				CLANG_WARN_BLOCK_CAPTURE_AUTORELEASING = YES;
				CLANG_WARN_BOOL_CONVERSION = YES;
				CLANG_WARN_COMMA = YES;
				CLANG_WARN_CONSTANT_CONVERSION = YES;
				CLANG_WARN_DEPRECATED_OBJC_IMPLEMENTATIONS = YES;
				CLANG_WARN_DIRECT_OBJC_ISA_USAGE = YES_ERROR;
				CLANG_WARN_DOCUMENTATION_COMMENTS = YES;
				CLANG_WARN_EMPTY_BODY = YES;
				CLANG_WARN_ENUM_CONVERSION = YES;
				CLANG_WARN_INFINITE_RECURSION = YES;
				CLANG_WARN_INT_CONVERSION = YES;
				CLANG_WARN_NON_LITERAL_NULL_CONVERSION = YES;
				CLANG_WARN_OBJC_IMPLICIT_RETAIN_SELF = YES;
				CLANG_WARN_OBJC_LITERAL_CONVERSION = YES;
				CLANG_WARN_OBJC_ROOT_CLASS = YES_ERROR;
				CLANG_WARN_RANGE_LOOP_ANALYSIS = YES;
				CLANG_WARN_STRICT_PROTOTYPES = YES;
				CLANG_WARN_SUSPICIOUS_MOVE = YES;
				CLANG_WARN_UNGUARDED_AVAILABILITY = YES_AGGRESSIVE;
				CLANG_WARN_UNREACHABLE_CODE = YES;
				CLANG_WARN__DUPLICATE_METHOD_MATCH = YES;
				CODE_SIGN_IDENTITY = "iPhone Developer";
				COPY_PHASE_STRIP = NO;
				DEBUG_INFORMATION_FORMAT = "dwarf-with-dsym";
				ENABLE_NS_ASSERTIONS = NO;
				ENABLE_STRICT_OBJC_MSGSEND = YES;
				GCC_C_LANGUAGE_STANDARD = gnu11;
				GCC_NO_COMMON_BLOCKS = YES;
				GCC_WARN_64_TO_32_BIT_CONVERSION = YES;
				GCC_WARN_ABOUT_RETURN_TYPE = YES_ERROR;
				GCC_WARN_UNDECLARED_SELECTOR = YES;
				GCC_WARN_UNINITIALIZED_AUTOS = YES_AGGRESSIVE;
				GCC_WARN_UNUSED_FUNCTION = YES;
				GCC_WARN_UNUSED_VARIABLE = YES;
				IPHONEOS_DEPLOYMENT_TARGET = 12.2;
				MTL_ENABLE_DEBUG_INFO = NO;
				MTL_FAST_MATH = YES;
				SDKROOT = iphoneos;
				SWIFT_COMPILATION_MODE = wholemodule;
				SWIFT_OPTIMIZATION_LEVEL = "-O";
				VALIDATE_PRODUCT = YES;
			};
			name = Release;
		};
		254D62322369BC1C00E64F4C /* Debug */ = {
			isa = XCBuildConfiguration;
			baseConfigurationReference = A05AADCFC64237BD08DA35D1 /* Pods-mobile-social.debug.xcconfig */;
			buildSettings = {
				ASSETCATALOG_COMPILER_APPICON_NAME = AppIcon;
				CODE_SIGN_STYLE = Automatic;
				DEVELOPMENT_TEAM = KXJQ4CBH5L;
				INFOPLIST_FILE = "mobile-social/Info.plist";
				LD_RUNPATH_SEARCH_PATHS = (
					"$(inherited)",
					"@executable_path/Frameworks",
				);
				PRODUCT_BUNDLE_IDENTIFIER = "ca.nait.yzheng16.mobile-social";
				PRODUCT_NAME = "$(TARGET_NAME)";
				SWIFT_VERSION = 5.0;
				TARGETED_DEVICE_FAMILY = "1,2";
			};
			name = Debug;
		};
		254D62332369BC1C00E64F4C /* Release */ = {
			isa = XCBuildConfiguration;
			baseConfigurationReference = 2A0CB71A90F9E33D3E831338 /* Pods-mobile-social.release.xcconfig */;
			buildSettings = {
				ASSETCATALOG_COMPILER_APPICON_NAME = AppIcon;
				CODE_SIGN_STYLE = Automatic;
				DEVELOPMENT_TEAM = KXJQ4CBH5L;
				INFOPLIST_FILE = "mobile-social/Info.plist";
				LD_RUNPATH_SEARCH_PATHS = (
					"$(inherited)",
					"@executable_path/Frameworks",
				);
				PRODUCT_BUNDLE_IDENTIFIER = "ca.nait.yzheng16.mobile-social";
				PRODUCT_NAME = "$(TARGET_NAME)";
				SWIFT_VERSION = 5.0;
				TARGETED_DEVICE_FAMILY = "1,2";
			};
			name = Release;
		};
/* End XCBuildConfiguration section */

/* Begin XCConfigurationList section */
		254D621A2369BC1B00E64F4C /* Build configuration list for PBXProject "mobile-social" */ = {
			isa = XCConfigurationList;
			buildConfigurations = (
				254D622F2369BC1C00E64F4C /* Debug */,
				254D62302369BC1C00E64F4C /* Release */,
			);
			defaultConfigurationIsVisible = 0;
			defaultConfigurationName = Release;
		};
		254D62312369BC1C00E64F4C /* Build configuration list for PBXNativeTarget "mobile-social" */ = {
			isa = XCConfigurationList;
			buildConfigurations = (
				254D62322369BC1C00E64F4C /* Debug */,
				254D62332369BC1C00E64F4C /* Release */,
			);
			defaultConfigurationIsVisible = 0;
			defaultConfigurationName = Release;
		};
/* End XCConfigurationList section */
	};
	rootObject = 254D62172369BC1B00E64F4C /* Project object */;
}
